// !$*UTF8*$!
{
	archiveVersion = 1;
	classes = {
	};
	objectVersion = 50;
	objects = {

/* Begin PBXBuildFile section */
		51A126EB20BB91EA0070F3F6 /* UIView+addToWindow.m in Sources */ = {isa = PBXBuildFile; fileRef = 51A126DD20BB91EA0070F3F6 /* UIView+addToWindow.m */; };
		51A126EC20BB91EA0070F3F6 /* UIView+Corner.m in Sources */ = {isa = PBXBuildFile; fileRef = 51A126E020BB91EA0070F3F6 /* UIView+Corner.m */; };
		51A126ED20BB91EA0070F3F6 /* UIView+DCAnimationKit.m in Sources */ = {isa = PBXBuildFile; fileRef = 51A126E220BB91EA0070F3F6 /* UIView+DCAnimationKit.m */; };
		51A126EE20BB91EA0070F3F6 /* UIView+flag.m in Sources */ = {isa = PBXBuildFile; fileRef = 51A126E520BB91EA0070F3F6 /* UIView+flag.m */; };
		51A126EF20BB91EA0070F3F6 /* UIView+Extension.m in Sources */ = {isa = PBXBuildFile; fileRef = 51A126E620BB91EA0070F3F6 /* UIView+Extension.m */; };
		51A126F020BB91EA0070F3F6 /* UIView+Shaking.m in Sources */ = {isa = PBXBuildFile; fileRef = 51A126E720BB91EA0070F3F6 /* UIView+Shaking.m */; };
		51A126F120BB91EA0070F3F6 /* UIView+screenshot.m in Sources */ = {isa = PBXBuildFile; fileRef = 51A126EA20BB91EA0070F3F6 /* UIView+screenshot.m */; };
		51F451F020B8D561006C7937 /* AppDelegate.m in Sources */ = {isa = PBXBuildFile; fileRef = 51F451EF20B8D561006C7937 /* AppDelegate.m */; };
		51F451F320B8D561006C7937 /* ViewController.m in Sources */ = {isa = PBXBuildFile; fileRef = 51F451F220B8D561006C7937 /* ViewController.m */; };
		51F451F620B8D561006C7937 /* Main.storyboard in Resources */ = {isa = PBXBuildFile; fileRef = 51F451F420B8D561006C7937 /* Main.storyboard */; };
		51F451F820B8D562006C7937 /* Assets.xcassets in Resources */ = {isa = PBXBuildFile; fileRef = 51F451F720B8D562006C7937 /* Assets.xcassets */; };
		51F451FB20B8D562006C7937 /* LaunchScreen.storyboard in Resources */ = {isa = PBXBuildFile; fileRef = 51F451F920B8D562006C7937 /* LaunchScreen.storyboard */; };
		51F451FE20B8D562006C7937 /* main.m in Sources */ = {isa = PBXBuildFile; fileRef = 51F451FD20B8D562006C7937 /* main.m */; };
		51F4520820B8D562006C7937 /* HSFKitDemoTests.m in Sources */ = {isa = PBXBuildFile; fileRef = 51F4520720B8D562006C7937 /* HSFKitDemoTests.m */; };
		51F4521320B8D562006C7937 /* HSFKitDemoUITests.m in Sources */ = {isa = PBXBuildFile; fileRef = 51F4521220B8D562006C7937 /* HSFKitDemoUITests.m */; };
		51F4528720B8E819006C7937 /* HSFBaseTableVC.m in Sources */ = {isa = PBXBuildFile; fileRef = 51F4527620B8E818006C7937 /* HSFBaseTableVC.m */; };
		51F4528820B8E819006C7937 /* HSFBaseCell.m in Sources */ = {isa = PBXBuildFile; fileRef = 51F4527A20B8E818006C7937 /* HSFBaseCell.m */; };
		51F4528920B8E819006C7937 /* HSFGestureTableView.m in Sources */ = {isa = PBXBuildFile; fileRef = 51F4527B20B8E818006C7937 /* HSFGestureTableView.m */; };
		51F4528A20B8E819006C7937 /* HSFBaseVC.m in Sources */ = {isa = PBXBuildFile; fileRef = 51F4527C20B8E818006C7937 /* HSFBaseVC.m */; };
		51F4528D20B8E819006C7937 /* HSFBaseNavC.m in Sources */ = {isa = PBXBuildFile; fileRef = 51F4528120B8E819006C7937 /* HSFBaseNavC.m */; };
		51F4529220B90C68006C7937 /* HSFBaseCollectionVC.m in Sources */ = {isa = PBXBuildFile; fileRef = 51F4529120B90C68006C7937 /* HSFBaseCollectionVC.m */; };
		51F4529520B90CC7006C7937 /* HSFGestureCollectionView.m in Sources */ = {isa = PBXBuildFile; fileRef = 51F4529420B90CC7006C7937 /* HSFGestureCollectionView.m */; };
		51F4529820B90E7B006C7937 /* HSFBaseItem.m in Sources */ = {isa = PBXBuildFile; fileRef = 51F4529720B90E7B006C7937 /* HSFBaseItem.m */; };
		51F4529F20BA70F6006C7937 /* NSString+Predicate.m in Sources */ = {isa = PBXBuildFile; fileRef = 51F4529E20BA70F6006C7937 /* NSString+Predicate.m */; };
		51F452AC20BA7216006C7937 /* NSString+MD5.m in Sources */ = {isa = PBXBuildFile; fileRef = 51F452A520BA7215006C7937 /* NSString+MD5.m */; };
		51F452AD20BA7216006C7937 /* NSString+MusicTime.m in Sources */ = {isa = PBXBuildFile; fileRef = 51F452A720BA7215006C7937 /* NSString+MusicTime.m */; };
		51F452AE20BA7216006C7937 /* NSString+DisplayTime.m in Sources */ = {isa = PBXBuildFile; fileRef = 51F452A920BA7216006C7937 /* NSString+DisplayTime.m */; };
		51F452AF20BA7216006C7937 /* NSString+Distance.m in Sources */ = {isa = PBXBuildFile; fileRef = 51F452AA20BA7216006C7937 /* NSString+Distance.m */; };
		51F452BD20BA76F4006C7937 /* UIButton+Layout.m in Sources */ = {isa = PBXBuildFile; fileRef = 51F452B720BA76F4006C7937 /* UIButton+Layout.m */; };
		51F452BE20BA76F4006C7937 /* UIButton+enlargeClickRect.m in Sources */ = {isa = PBXBuildFile; fileRef = 51F452B820BA76F4006C7937 /* UIButton+enlargeClickRect.m */; };
		51F452C320BA7719006C7937 /* UIControl+recurClick.m in Sources */ = {isa = PBXBuildFile; fileRef = 51F452C220BA7719006C7937 /* UIControl+recurClick.m */; };
		51F452D020BA7847006C7937 /* UINavigationController+FDFullscreenPopGesture.m in Sources */ = {isa = PBXBuildFile; fileRef = 51F452C620BA7847006C7937 /* UINavigationController+FDFullscreenPopGesture.m */; };
		51F452D120BA7847006C7937 /* UIImage+Mask.m in Sources */ = {isa = PBXBuildFile; fileRef = 51F452C920BA7847006C7937 /* UIImage+Mask.m */; };
		51F452D220BA7847006C7937 /* UIImage+Category.m in Sources */ = {isa = PBXBuildFile; fileRef = 51F452CB20BA7847006C7937 /* UIImage+Category.m */; };
		51F452D320BA7847006C7937 /* UIImage+VideoImage.m in Sources */ = {isa = PBXBuildFile; fileRef = 51F452CD20BA7847006C7937 /* UIImage+VideoImage.m */; };
		51F452D420BA7847006C7937 /* UIImage+HSFgif.m in Sources */ = {isa = PBXBuildFile; fileRef = 51F452CF20BA7847006C7937 /* UIImage+HSFgif.m */; };
		675E2E5C14F1DB9DF1DD95F8 /* libPods-HSFKitDemoTests.a in Frameworks */ = {isa = PBXBuildFile; fileRef = 8B2633E2FB633D768EDAF654 /* libPods-HSFKitDemoTests.a */; };
		91A95D1A13B8B1824B0878B5 /* libPods-HSFKitDemo.a in Frameworks */ = {isa = PBXBuildFile; fileRef = 7F761EF0680DE49DA09BF80A /* libPods-HSFKitDemo.a */; };
		C94441B38E955D716F3ABCFB /* libPods-HSFKitDemoUITests.a in Frameworks */ = {isa = PBXBuildFile; fileRef = 96B29525443929DC3445DFB5 /* libPods-HSFKitDemoUITests.a */; };
/* End PBXBuildFile section */

/* Begin PBXContainerItemProxy section */
		51F4520420B8D562006C7937 /* PBXContainerItemProxy */ = {
			isa = PBXContainerItemProxy;
			containerPortal = 51F451E320B8D561006C7937 /* Project object */;
			proxyType = 1;
			remoteGlobalIDString = 51F451EA20B8D561006C7937;
			remoteInfo = HSFKitDemo;
		};
		51F4520F20B8D562006C7937 /* PBXContainerItemProxy */ = {
			isa = PBXContainerItemProxy;
			containerPortal = 51F451E320B8D561006C7937 /* Project object */;
			proxyType = 1;
			remoteGlobalIDString = 51F451EA20B8D561006C7937;
			remoteInfo = HSFKitDemo;
		};
/* End PBXContainerItemProxy section */

/* Begin PBXFileReference section */
		08B11D0C455CD0706B82B38F /* Pods-HSFKitDemoTests.debug.xcconfig */ = {isa = PBXFileReference; includeInIndex = 1; lastKnownFileType = text.xcconfig; name = "Pods-HSFKitDemoTests.debug.xcconfig"; path = "Pods/Target Support Files/Pods-HSFKitDemoTests/Pods-HSFKitDemoTests.debug.xcconfig"; sourceTree = "<group>"; };
		3ADDC6A927911CE842E8BAF3 /* Pods-HSFKitDemoUITests.debug.xcconfig */ = {isa = PBXFileReference; includeInIndex = 1; lastKnownFileType = text.xcconfig; name = "Pods-HSFKitDemoUITests.debug.xcconfig"; path = "Pods/Target Support Files/Pods-HSFKitDemoUITests/Pods-HSFKitDemoUITests.debug.xcconfig"; sourceTree = "<group>"; };
		3B65A0BEF5DC631A5CA28A2B /* Pods-HSFKitDemo.release.xcconfig */ = {isa = PBXFileReference; includeInIndex = 1; lastKnownFileType = text.xcconfig; name = "Pods-HSFKitDemo.release.xcconfig"; path = "Pods/Target Support Files/Pods-HSFKitDemo/Pods-HSFKitDemo.release.xcconfig"; sourceTree = "<group>"; };
		51A126DD20BB91EA0070F3F6 /* UIView+addToWindow.m */ = {isa = PBXFileReference; fileEncoding = 4; lastKnownFileType = sourcecode.c.objc; path = "UIView+addToWindow.m"; sourceTree = "<group>"; };
		51A126DE20BB91EA0070F3F6 /* UIView+Extension.h */ = {isa = PBXFileReference; fileEncoding = 4; lastKnownFileType = sourcecode.c.h; path = "UIView+Extension.h"; sourceTree = "<group>"; };
		51A126DF20BB91EA0070F3F6 /* UIView+flag.h */ = {isa = PBXFileReference; fileEncoding = 4; lastKnownFileType = sourcecode.c.h; path = "UIView+flag.h"; sourceTree = "<group>"; };
		51A126E020BB91EA0070F3F6 /* UIView+Corner.m */ = {isa = PBXFileReference; fileEncoding = 4; lastKnownFileType = sourcecode.c.objc; path = "UIView+Corner.m"; sourceTree = "<group>"; };
		51A126E120BB91EA0070F3F6 /* UIView+screenshot.h */ = {isa = PBXFileReference; fileEncoding = 4; lastKnownFileType = sourcecode.c.h; path = "UIView+screenshot.h"; sourceTree = "<group>"; };
		51A126E220BB91EA0070F3F6 /* UIView+DCAnimationKit.m */ = {isa = PBXFileReference; fileEncoding = 4; lastKnownFileType = sourcecode.c.objc; path = "UIView+DCAnimationKit.m"; sourceTree = "<group>"; };
		51A126E320BB91EA0070F3F6 /* UIView+Shaking.h */ = {isa = PBXFileReference; fileEncoding = 4; lastKnownFileType = sourcecode.c.h; path = "UIView+Shaking.h"; sourceTree = "<group>"; };
		51A126E420BB91EA0070F3F6 /* UIView+addToWindow.h */ = {isa = PBXFileReference; fileEncoding = 4; lastKnownFileType = sourcecode.c.h; path = "UIView+addToWindow.h"; sourceTree = "<group>"; };
		51A126E520BB91EA0070F3F6 /* UIView+flag.m */ = {isa = PBXFileReference; fileEncoding = 4; lastKnownFileType = sourcecode.c.objc; path = "UIView+flag.m"; sourceTree = "<group>"; };
		51A126E620BB91EA0070F3F6 /* UIView+Extension.m */ = {isa = PBXFileReference; fileEncoding = 4; lastKnownFileType = sourcecode.c.objc; path = "UIView+Extension.m"; sourceTree = "<group>"; };
		51A126E720BB91EA0070F3F6 /* UIView+Shaking.m */ = {isa = PBXFileReference; fileEncoding = 4; lastKnownFileType = sourcecode.c.objc; path = "UIView+Shaking.m"; sourceTree = "<group>"; };
		51A126E820BB91EA0070F3F6 /* UIView+DCAnimationKit.h */ = {isa = PBXFileReference; fileEncoding = 4; lastKnownFileType = sourcecode.c.h; path = "UIView+DCAnimationKit.h"; sourceTree = "<group>"; };
		51A126E920BB91EA0070F3F6 /* UIView+Corner.h */ = {isa = PBXFileReference; fileEncoding = 4; lastKnownFileType = sourcecode.c.h; path = "UIView+Corner.h"; sourceTree = "<group>"; };
		51A126EA20BB91EA0070F3F6 /* UIView+screenshot.m */ = {isa = PBXFileReference; fileEncoding = 4; lastKnownFileType = sourcecode.c.objc; path = "UIView+screenshot.m"; sourceTree = "<group>"; };
		51A126F220BB9AD10070F3F6 /* HSFKit.h */ = {isa = PBXFileReference; lastKnownFileType = sourcecode.c.h; path = HSFKit.h; sourceTree = "<group>"; };
		51A126F320BBA54E0070F3F6 /* HSFNSFoundation.h */ = {isa = PBXFileReference; lastKnownFileType = sourcecode.c.h; path = HSFNSFoundation.h; sourceTree = "<group>"; };
		51A126F420BBA5790070F3F6 /* HSFUIKit.h */ = {isa = PBXFileReference; lastKnownFileType = sourcecode.c.h; path = HSFUIKit.h; sourceTree = "<group>"; };
		51F451EB20B8D561006C7937 /* HSFKitDemo.app */ = {isa = PBXFileReference; explicitFileType = wrapper.application; includeInIndex = 0; path = HSFKitDemo.app; sourceTree = BUILT_PRODUCTS_DIR; };
		51F451EE20B8D561006C7937 /* AppDelegate.h */ = {isa = PBXFileReference; lastKnownFileType = sourcecode.c.h; path = AppDelegate.h; sourceTree = "<group>"; };
		51F451EF20B8D561006C7937 /* AppDelegate.m */ = {isa = PBXFileReference; lastKnownFileType = sourcecode.c.objc; path = AppDelegate.m; sourceTree = "<group>"; };
		51F451F120B8D561006C7937 /* ViewController.h */ = {isa = PBXFileReference; lastKnownFileType = sourcecode.c.h; path = ViewController.h; sourceTree = "<group>"; };
		51F451F220B8D561006C7937 /* ViewController.m */ = {isa = PBXFileReference; lastKnownFileType = sourcecode.c.objc; path = ViewController.m; sourceTree = "<group>"; };
		51F451F520B8D561006C7937 /* Base */ = {isa = PBXFileReference; lastKnownFileType = file.storyboard; name = Base; path = Base.lproj/Main.storyboard; sourceTree = "<group>"; };
		51F451F720B8D562006C7937 /* Assets.xcassets */ = {isa = PBXFileReference; lastKnownFileType = folder.assetcatalog; path = Assets.xcassets; sourceTree = "<group>"; };
		51F451FA20B8D562006C7937 /* Base */ = {isa = PBXFileReference; lastKnownFileType = file.storyboard; name = Base; path = Base.lproj/LaunchScreen.storyboard; sourceTree = "<group>"; };
		51F451FC20B8D562006C7937 /* Info.plist */ = {isa = PBXFileReference; lastKnownFileType = text.plist.xml; path = Info.plist; sourceTree = "<group>"; };
		51F451FD20B8D562006C7937 /* main.m */ = {isa = PBXFileReference; lastKnownFileType = sourcecode.c.objc; path = main.m; sourceTree = "<group>"; };
		51F4520320B8D562006C7937 /* HSFKitDemoTests.xctest */ = {isa = PBXFileReference; explicitFileType = wrapper.cfbundle; includeInIndex = 0; path = HSFKitDemoTests.xctest; sourceTree = BUILT_PRODUCTS_DIR; };
		51F4520720B8D562006C7937 /* HSFKitDemoTests.m */ = {isa = PBXFileReference; lastKnownFileType = sourcecode.c.objc; path = HSFKitDemoTests.m; sourceTree = "<group>"; };
		51F4520920B8D562006C7937 /* Info.plist */ = {isa = PBXFileReference; lastKnownFileType = text.plist.xml; path = Info.plist; sourceTree = "<group>"; };
		51F4520E20B8D562006C7937 /* HSFKitDemoUITests.xctest */ = {isa = PBXFileReference; explicitFileType = wrapper.cfbundle; includeInIndex = 0; path = HSFKitDemoUITests.xctest; sourceTree = BUILT_PRODUCTS_DIR; };
		51F4521220B8D562006C7937 /* HSFKitDemoUITests.m */ = {isa = PBXFileReference; lastKnownFileType = sourcecode.c.objc; path = HSFKitDemoUITests.m; sourceTree = "<group>"; };
		51F4521420B8D562006C7937 /* Info.plist */ = {isa = PBXFileReference; lastKnownFileType = text.plist.xml; path = Info.plist; sourceTree = "<group>"; };
		51F4522920B8D6ED006C7937 /* HSFKitPCH.pch */ = {isa = PBXFileReference; lastKnownFileType = sourcecode.c.h; path = HSFKitPCH.pch; sourceTree = "<group>"; };
		51F4522F20B8DDEE006C7937 /* HSFConfig.h */ = {isa = PBXFileReference; lastKnownFileType = sourcecode.c.h; path = HSFConfig.h; sourceTree = "<group>"; };
		51F4523020B8DE06006C7937 /* HSFConfig_common.h */ = {isa = PBXFileReference; lastKnownFileType = sourcecode.c.h; path = HSFConfig_common.h; sourceTree = "<group>"; };
		51F4523120B8DE28006C7937 /* HSFConfig_color.h */ = {isa = PBXFileReference; lastKnownFileType = sourcecode.c.h; path = HSFConfig_color.h; sourceTree = "<group>"; };
		51F4523220B8DE41006C7937 /* HSFConfig_key.h */ = {isa = PBXFileReference; lastKnownFileType = sourcecode.c.h; path = HSFConfig_key.h; sourceTree = "<group>"; };
		51F4523320B8DE53006C7937 /* HSFConfig_net.h */ = {isa = PBXFileReference; lastKnownFileType = sourcecode.c.h; path = HSFConfig_net.h; sourceTree = "<group>"; };
		51F4523420B8DE65006C7937 /* HSFConfig_notify.h */ = {isa = PBXFileReference; lastKnownFileType = sourcecode.c.h; path = HSFConfig_notify.h; sourceTree = "<group>"; };
		51F4523520B8DE73006C7937 /* HSFConfig_user.h */ = {isa = PBXFileReference; lastKnownFileType = sourcecode.c.h; path = HSFConfig_user.h; sourceTree = "<group>"; };
		51F4523620B8DEE9006C7937 /* HSFConfig_font.h */ = {isa = PBXFileReference; lastKnownFileType = sourcecode.c.h; path = HSFConfig_font.h; sourceTree = "<group>"; };
		51F4527620B8E818006C7937 /* HSFBaseTableVC.m */ = {isa = PBXFileReference; fileEncoding = 4; lastKnownFileType = sourcecode.c.objc; path = HSFBaseTableVC.m; sourceTree = "<group>"; };
		51F4527720B8E818006C7937 /* HSFBaseVC.h */ = {isa = PBXFileReference; fileEncoding = 4; lastKnownFileType = sourcecode.c.h; path = HSFBaseVC.h; sourceTree = "<group>"; };
		51F4527820B8E818006C7937 /* HSFBase.h */ = {isa = PBXFileReference; fileEncoding = 4; lastKnownFileType = sourcecode.c.h; path = HSFBase.h; sourceTree = "<group>"; };
		51F4527A20B8E818006C7937 /* HSFBaseCell.m */ = {isa = PBXFileReference; fileEncoding = 4; lastKnownFileType = sourcecode.c.objc; path = HSFBaseCell.m; sourceTree = "<group>"; };
		51F4527B20B8E818006C7937 /* HSFGestureTableView.m */ = {isa = PBXFileReference; fileEncoding = 4; lastKnownFileType = sourcecode.c.objc; path = HSFGestureTableView.m; sourceTree = "<group>"; };
		51F4527C20B8E818006C7937 /* HSFBaseVC.m */ = {isa = PBXFileReference; fileEncoding = 4; lastKnownFileType = sourcecode.c.objc; path = HSFBaseVC.m; sourceTree = "<group>"; };
		51F4527D20B8E818006C7937 /* HSFGestureTableView.h */ = {isa = PBXFileReference; fileEncoding = 4; lastKnownFileType = sourcecode.c.h; path = HSFGestureTableView.h; sourceTree = "<group>"; };
		51F4527F20B8E818006C7937 /* HSFBaseCell.h */ = {isa = PBXFileReference; fileEncoding = 4; lastKnownFileType = sourcecode.c.h; path = HSFBaseCell.h; sourceTree = "<group>"; };
		51F4528120B8E819006C7937 /* HSFBaseNavC.m */ = {isa = PBXFileReference; fileEncoding = 4; lastKnownFileType = sourcecode.c.objc; path = HSFBaseNavC.m; sourceTree = "<group>"; };
		51F4528220B8E819006C7937 /* HSFBaseTableVC.h */ = {isa = PBXFileReference; fileEncoding = 4; lastKnownFileType = sourcecode.c.h; path = HSFBaseTableVC.h; sourceTree = "<group>"; };
		51F4528420B8E819006C7937 /* HSFBaseNavC.h */ = {isa = PBXFileReference; fileEncoding = 4; lastKnownFileType = sourcecode.c.h; path = HSFBaseNavC.h; sourceTree = "<group>"; };
		51F4528F20B907F3006C7937 /* HSFConfig_pod.h */ = {isa = PBXFileReference; lastKnownFileType = sourcecode.c.h; path = HSFConfig_pod.h; sourceTree = "<group>"; };
		51F4529020B90C68006C7937 /* HSFBaseCollectionVC.h */ = {isa = PBXFileReference; lastKnownFileType = sourcecode.c.h; path = HSFBaseCollectionVC.h; sourceTree = "<group>"; };
		51F4529120B90C68006C7937 /* HSFBaseCollectionVC.m */ = {isa = PBXFileReference; lastKnownFileType = sourcecode.c.objc; path = HSFBaseCollectionVC.m; sourceTree = "<group>"; };
		51F4529320B90CC7006C7937 /* HSFGestureCollectionView.h */ = {isa = PBXFileReference; lastKnownFileType = sourcecode.c.h; path = HSFGestureCollectionView.h; sourceTree = "<group>"; };
		51F4529420B90CC7006C7937 /* HSFGestureCollectionView.m */ = {isa = PBXFileReference; lastKnownFileType = sourcecode.c.objc; path = HSFGestureCollectionView.m; sourceTree = "<group>"; };
		51F4529620B90E7B006C7937 /* HSFBaseItem.h */ = {isa = PBXFileReference; lastKnownFileType = sourcecode.c.h; path = HSFBaseItem.h; sourceTree = "<group>"; };
		51F4529720B90E7B006C7937 /* HSFBaseItem.m */ = {isa = PBXFileReference; lastKnownFileType = sourcecode.c.objc; path = HSFBaseItem.m; sourceTree = "<group>"; };
		51F4529D20BA70F6006C7937 /* NSString+Predicate.h */ = {isa = PBXFileReference; fileEncoding = 4; lastKnownFileType = sourcecode.c.h; path = "NSString+Predicate.h"; sourceTree = "<group>"; };
		51F4529E20BA70F6006C7937 /* NSString+Predicate.m */ = {isa = PBXFileReference; fileEncoding = 4; lastKnownFileType = sourcecode.c.objc; path = "NSString+Predicate.m"; sourceTree = "<group>"; };
		51F452A020BA710C006C7937 /* HSFCategory.h */ = {isa = PBXFileReference; lastKnownFileType = sourcecode.c.h; path = HSFCategory.h; sourceTree = "<group>"; };
		51F452A420BA7215006C7937 /* NSString+Distance.h */ = {isa = PBXFileReference; fileEncoding = 4; lastKnownFileType = sourcecode.c.h; path = "NSString+Distance.h"; sourceTree = "<group>"; };
		51F452A520BA7215006C7937 /* NSString+MD5.m */ = {isa = PBXFileReference; fileEncoding = 4; lastKnownFileType = sourcecode.c.objc; path = "NSString+MD5.m"; sourceTree = "<group>"; };
		51F452A620BA7215006C7937 /* NSString+MusicTime.h */ = {isa = PBXFileReference; fileEncoding = 4; lastKnownFileType = sourcecode.c.h; path = "NSString+MusicTime.h"; sourceTree = "<group>"; };
		51F452A720BA7215006C7937 /* NSString+MusicTime.m */ = {isa = PBXFileReference; fileEncoding = 4; lastKnownFileType = sourcecode.c.objc; path = "NSString+MusicTime.m"; sourceTree = "<group>"; };
		51F452A820BA7216006C7937 /* NSString+MD5.h */ = {isa = PBXFileReference; fileEncoding = 4; lastKnownFileType = sourcecode.c.h; path = "NSString+MD5.h"; sourceTree = "<group>"; };
		51F452A920BA7216006C7937 /* NSString+DisplayTime.m */ = {isa = PBXFileReference; fileEncoding = 4; lastKnownFileType = sourcecode.c.objc; path = "NSString+DisplayTime.m"; sourceTree = "<group>"; };
		51F452AA20BA7216006C7937 /* NSString+Distance.m */ = {isa = PBXFileReference; fileEncoding = 4; lastKnownFileType = sourcecode.c.objc; path = "NSString+Distance.m"; sourceTree = "<group>"; };
		51F452AB20BA7216006C7937 /* NSString+DisplayTime.h */ = {isa = PBXFileReference; fileEncoding = 4; lastKnownFileType = sourcecode.c.h; path = "NSString+DisplayTime.h"; sourceTree = "<group>"; };
		51F452B720BA76F4006C7937 /* UIButton+Layout.m */ = {isa = PBXFileReference; fileEncoding = 4; lastKnownFileType = sourcecode.c.objc; path = "UIButton+Layout.m"; sourceTree = "<group>"; };
		51F452B820BA76F4006C7937 /* UIButton+enlargeClickRect.m */ = {isa = PBXFileReference; fileEncoding = 4; lastKnownFileType = sourcecode.c.objc; path = "UIButton+enlargeClickRect.m"; sourceTree = "<group>"; };
		51F452BA20BA76F4006C7937 /* UIButton+enlargeClickRect.h */ = {isa = PBXFileReference; fileEncoding = 4; lastKnownFileType = sourcecode.c.h; path = "UIButton+enlargeClickRect.h"; sourceTree = "<group>"; };
		51F452BB20BA76F4006C7937 /* UIButton+Layout.h */ = {isa = PBXFileReference; fileEncoding = 4; lastKnownFileType = sourcecode.c.h; path = "UIButton+Layout.h"; sourceTree = "<group>"; };
		51F452C120BA7719006C7937 /* UIControl+recurClick.h */ = {isa = PBXFileReference; fileEncoding = 4; lastKnownFileType = sourcecode.c.h; path = "UIControl+recurClick.h"; sourceTree = "<group>"; };
		51F452C220BA7719006C7937 /* UIControl+recurClick.m */ = {isa = PBXFileReference; fileEncoding = 4; lastKnownFileType = sourcecode.c.objc; path = "UIControl+recurClick.m"; sourceTree = "<group>"; };
		51F452C520BA7847006C7937 /* UINavigationController+FDFullscreenPopGesture.h */ = {isa = PBXFileReference; fileEncoding = 4; lastKnownFileType = sourcecode.c.h; path = "UINavigationController+FDFullscreenPopGesture.h"; sourceTree = "<group>"; };
		51F452C620BA7847006C7937 /* UINavigationController+FDFullscreenPopGesture.m */ = {isa = PBXFileReference; fileEncoding = 4; lastKnownFileType = sourcecode.c.objc; path = "UINavigationController+FDFullscreenPopGesture.m"; sourceTree = "<group>"; };
		51F452C820BA7847006C7937 /* UIImage+VideoImage.h */ = {isa = PBXFileReference; fileEncoding = 4; lastKnownFileType = sourcecode.c.h; path = "UIImage+VideoImage.h"; sourceTree = "<group>"; };
		51F452C920BA7847006C7937 /* UIImage+Mask.m */ = {isa = PBXFileReference; fileEncoding = 4; lastKnownFileType = sourcecode.c.objc; path = "UIImage+Mask.m"; sourceTree = "<group>"; };
		51F452CA20BA7847006C7937 /* UIImage+HSFgif.h */ = {isa = PBXFileReference; fileEncoding = 4; lastKnownFileType = sourcecode.c.h; path = "UIImage+HSFgif.h"; sourceTree = "<group>"; };
		51F452CB20BA7847006C7937 /* UIImage+Category.m */ = {isa = PBXFileReference; fileEncoding = 4; lastKnownFileType = sourcecode.c.objc; path = "UIImage+Category.m"; sourceTree = "<group>"; };
		51F452CC20BA7847006C7937 /* UIImage+Mask.h */ = {isa = PBXFileReference; fileEncoding = 4; lastKnownFileType = sourcecode.c.h; path = "UIImage+Mask.h"; sourceTree = "<group>"; };
		51F452CD20BA7847006C7937 /* UIImage+VideoImage.m */ = {isa = PBXFileReference; fileEncoding = 4; lastKnownFileType = sourcecode.c.objc; path = "UIImage+VideoImage.m"; sourceTree = "<group>"; };
		51F452CE20BA7847006C7937 /* UIImage+Category.h */ = {isa = PBXFileReference; fileEncoding = 4; lastKnownFileType = sourcecode.c.h; path = "UIImage+Category.h"; sourceTree = "<group>"; };
		51F452CF20BA7847006C7937 /* UIImage+HSFgif.m */ = {isa = PBXFileReference; fileEncoding = 4; lastKnownFileType = sourcecode.c.objc; path = "UIImage+HSFgif.m"; sourceTree = "<group>"; };
		7F761EF0680DE49DA09BF80A /* libPods-HSFKitDemo.a */ = {isa = PBXFileReference; explicitFileType = archive.ar; includeInIndex = 0; path = "libPods-HSFKitDemo.a"; sourceTree = BUILT_PRODUCTS_DIR; };
		8B2633E2FB633D768EDAF654 /* libPods-HSFKitDemoTests.a */ = {isa = PBXFileReference; explicitFileType = archive.ar; includeInIndex = 0; path = "libPods-HSFKitDemoTests.a"; sourceTree = BUILT_PRODUCTS_DIR; };
		93DAF3CFE0DEA80C055394A6 /* Pods-HSFKitDemo.debug.xcconfig */ = {isa = PBXFileReference; includeInIndex = 1; lastKnownFileType = text.xcconfig; name = "Pods-HSFKitDemo.debug.xcconfig"; path = "Pods/Target Support Files/Pods-HSFKitDemo/Pods-HSFKitDemo.debug.xcconfig"; sourceTree = "<group>"; };
		96B29525443929DC3445DFB5 /* libPods-HSFKitDemoUITests.a */ = {isa = PBXFileReference; explicitFileType = archive.ar; includeInIndex = 0; path = "libPods-HSFKitDemoUITests.a"; sourceTree = BUILT_PRODUCTS_DIR; };
		B94076852E613C437031EEFA /* Pods-HSFKitDemoTests.release.xcconfig */ = {isa = PBXFileReference; includeInIndex = 1; lastKnownFileType = text.xcconfig; name = "Pods-HSFKitDemoTests.release.xcconfig"; path = "Pods/Target Support Files/Pods-HSFKitDemoTests/Pods-HSFKitDemoTests.release.xcconfig"; sourceTree = "<group>"; };
		C7A17233320E0A8E7CB9EA42 /* Pods-HSFKitDemoUITests.release.xcconfig */ = {isa = PBXFileReference; includeInIndex = 1; lastKnownFileType = text.xcconfig; name = "Pods-HSFKitDemoUITests.release.xcconfig"; path = "Pods/Target Support Files/Pods-HSFKitDemoUITests/Pods-HSFKitDemoUITests.release.xcconfig"; sourceTree = "<group>"; };
/* End PBXFileReference section */

/* Begin PBXFrameworksBuildPhase section */
		51F451E820B8D561006C7937 /* Frameworks */ = {
			isa = PBXFrameworksBuildPhase;
			buildActionMask = 2147483647;
			files = (
				91A95D1A13B8B1824B0878B5 /* libPods-HSFKitDemo.a in Frameworks */,
			);
			runOnlyForDeploymentPostprocessing = 0;
		};
		51F4520020B8D562006C7937 /* Frameworks */ = {
			isa = PBXFrameworksBuildPhase;
			buildActionMask = 2147483647;
			files = (
				675E2E5C14F1DB9DF1DD95F8 /* libPods-HSFKitDemoTests.a in Frameworks */,
			);
			runOnlyForDeploymentPostprocessing = 0;
		};
		51F4520B20B8D562006C7937 /* Frameworks */ = {
			isa = PBXFrameworksBuildPhase;
			buildActionMask = 2147483647;
			files = (
				C94441B38E955D716F3ABCFB /* libPods-HSFKitDemoUITests.a in Frameworks */,
			);
			runOnlyForDeploymentPostprocessing = 0;
		};
/* End PBXFrameworksBuildPhase section */

/* Begin PBXGroup section */
		4874B4DFA6B4945F8B5F3B25 /* Pods */ = {
			isa = PBXGroup;
			children = (
				93DAF3CFE0DEA80C055394A6 /* Pods-HSFKitDemo.debug.xcconfig */,
				3B65A0BEF5DC631A5CA28A2B /* Pods-HSFKitDemo.release.xcconfig */,
				08B11D0C455CD0706B82B38F /* Pods-HSFKitDemoTests.debug.xcconfig */,
				B94076852E613C437031EEFA /* Pods-HSFKitDemoTests.release.xcconfig */,
				3ADDC6A927911CE842E8BAF3 /* Pods-HSFKitDemoUITests.debug.xcconfig */,
				C7A17233320E0A8E7CB9EA42 /* Pods-HSFKitDemoUITests.release.xcconfig */,
			);
			name = Pods;
			sourceTree = "<group>";
		};
		51A126DC20BB91EA0070F3F6 /* UIView */ = {
			isa = PBXGroup;
			children = (
				51A126E420BB91EA0070F3F6 /* UIView+addToWindow.h */,
				51A126DD20BB91EA0070F3F6 /* UIView+addToWindow.m */,
				51A126E920BB91EA0070F3F6 /* UIView+Corner.h */,
				51A126E020BB91EA0070F3F6 /* UIView+Corner.m */,
				51A126E820BB91EA0070F3F6 /* UIView+DCAnimationKit.h */,
				51A126E220BB91EA0070F3F6 /* UIView+DCAnimationKit.m */,
				51A126DE20BB91EA0070F3F6 /* UIView+Extension.h */,
				51A126E620BB91EA0070F3F6 /* UIView+Extension.m */,
				51A126DF20BB91EA0070F3F6 /* UIView+flag.h */,
				51A126E520BB91EA0070F3F6 /* UIView+flag.m */,
				51A126E120BB91EA0070F3F6 /* UIView+screenshot.h */,
				51A126EA20BB91EA0070F3F6 /* UIView+screenshot.m */,
				51A126E320BB91EA0070F3F6 /* UIView+Shaking.h */,
				51A126E720BB91EA0070F3F6 /* UIView+Shaking.m */,
			);
			path = UIView;
			sourceTree = "<group>";
		};
		51F451E220B8D561006C7937 = {
			isa = PBXGroup;
			children = (
				51F451ED20B8D561006C7937 /* HSFKitDemo */,
				51F4520620B8D562006C7937 /* HSFKitDemoTests */,
				51F4521120B8D562006C7937 /* HSFKitDemoUITests */,
				51F451EC20B8D561006C7937 /* Products */,
				4874B4DFA6B4945F8B5F3B25 /* Pods */,
				74774503BAF0A22A45545EDA /* Frameworks */,
			);
			sourceTree = "<group>";
		};
		51F451EC20B8D561006C7937 /* Products */ = {
			isa = PBXGroup;
			children = (
				51F451EB20B8D561006C7937 /* HSFKitDemo.app */,
				51F4520320B8D562006C7937 /* HSFKitDemoTests.xctest */,
				51F4520E20B8D562006C7937 /* HSFKitDemoUITests.xctest */,
			);
			name = Products;
			sourceTree = "<group>";
		};
		51F451ED20B8D561006C7937 /* HSFKitDemo */ = {
			isa = PBXGroup;
			children = (
				51F451EE20B8D561006C7937 /* AppDelegate.h */,
				51F451EF20B8D561006C7937 /* AppDelegate.m */,
				51F4522920B8D6ED006C7937 /* HSFKitPCH.pch */,
				51A126F220BB9AD10070F3F6 /* HSFKit.h */,
				51F4529920BA7043006C7937 /* HSFCategory */,
				51F4527520B8E7F3006C7937 /* HSFBase */,
				51F4522020B8D589006C7937 /* HSFConfig */,
				51F451F120B8D561006C7937 /* ViewController.h */,
				51F451F220B8D561006C7937 /* ViewController.m */,
				51F451F420B8D561006C7937 /* Main.storyboard */,
				51F451F720B8D562006C7937 /* Assets.xcassets */,
				51F451F920B8D562006C7937 /* LaunchScreen.storyboard */,
				51F451FC20B8D562006C7937 /* Info.plist */,
				51F451FD20B8D562006C7937 /* main.m */,
			);
			path = HSFKitDemo;
			sourceTree = "<group>";
		};
		51F4520620B8D562006C7937 /* HSFKitDemoTests */ = {
			isa = PBXGroup;
			children = (
				51F4520720B8D562006C7937 /* HSFKitDemoTests.m */,
				51F4520920B8D562006C7937 /* Info.plist */,
			);
			path = HSFKitDemoTests;
			sourceTree = "<group>";
		};
		51F4521120B8D562006C7937 /* HSFKitDemoUITests */ = {
			isa = PBXGroup;
			children = (
				51F4521220B8D562006C7937 /* HSFKitDemoUITests.m */,
				51F4521420B8D562006C7937 /* Info.plist */,
			);
			path = HSFKitDemoUITests;
			sourceTree = "<group>";
		};
		51F4522020B8D589006C7937 /* HSFConfig */ = {
			isa = PBXGroup;
			children = (
				51F4522F20B8DDEE006C7937 /* HSFConfig.h */,
				51F4523020B8DE06006C7937 /* HSFConfig_common.h */,
				51F4523120B8DE28006C7937 /* HSFConfig_color.h */,
				51F4523620B8DEE9006C7937 /* HSFConfig_font.h */,
				51F4523220B8DE41006C7937 /* HSFConfig_key.h */,
				51F4523320B8DE53006C7937 /* HSFConfig_net.h */,
				51F4523420B8DE65006C7937 /* HSFConfig_notify.h */,
				51F4523520B8DE73006C7937 /* HSFConfig_user.h */,
				51F4528F20B907F3006C7937 /* HSFConfig_pod.h */,
			);
			path = HSFConfig;
			sourceTree = "<group>";
		};
		51F4527520B8E7F3006C7937 /* HSFBase */ = {
			isa = PBXGroup;
			children = (
				51F4527820B8E818006C7937 /* HSFBase.h */,
				51F4528420B8E819006C7937 /* HSFBaseNavC.h */,
				51F4528120B8E819006C7937 /* HSFBaseNavC.m */,
				51F4527720B8E818006C7937 /* HSFBaseVC.h */,
				51F4527C20B8E818006C7937 /* HSFBaseVC.m */,
				51F4527F20B8E818006C7937 /* HSFBaseCell.h */,
				51F4527A20B8E818006C7937 /* HSFBaseCell.m */,
				51F4528220B8E819006C7937 /* HSFBaseTableVC.h */,
				51F4527620B8E818006C7937 /* HSFBaseTableVC.m */,
				51F4527D20B8E818006C7937 /* HSFGestureTableView.h */,
				51F4527B20B8E818006C7937 /* HSFGestureTableView.m */,
				51F4529620B90E7B006C7937 /* HSFBaseItem.h */,
				51F4529720B90E7B006C7937 /* HSFBaseItem.m */,
				51F4529020B90C68006C7937 /* HSFBaseCollectionVC.h */,
				51F4529120B90C68006C7937 /* HSFBaseCollectionVC.m */,
				51F4529320B90CC7006C7937 /* HSFGestureCollectionView.h */,
				51F4529420B90CC7006C7937 /* HSFGestureCollectionView.m */,
			);
			path = HSFBase;
			sourceTree = "<group>";
		};
		51F4529920BA7043006C7937 /* HSFCategory */ = {
			isa = PBXGroup;
			children = (
				51F452A020BA710C006C7937 /* HSFCategory.h */,
				51F4529B20BA7077006C7937 /* UIKit */,
				51F4529A20BA7057006C7937 /* NSFoundation */,
			);
			path = HSFCategory;
			sourceTree = "<group>";
		};
		51F4529A20BA7057006C7937 /* NSFoundation */ = {
			isa = PBXGroup;
			children = (
				51A126F320BBA54E0070F3F6 /* HSFNSFoundation.h */,
				51F4529C20BA70AD006C7937 /* NSString */,
			);
			path = NSFoundation;
			sourceTree = "<group>";
		};
		51F4529B20BA7077006C7937 /* UIKit */ = {
			isa = PBXGroup;
			children = (
				51A126F420BBA5790070F3F6 /* HSFUIKit.h */,
				51A126DC20BB91EA0070F3F6 /* UIView */,
				51F452C720BA7847006C7937 /* UIImage */,
				51F452C420BA7847006C7937 /* UINavigationController */,
				51F452C020BA7719006C7937 /* UIControl */,
				51F452B620BA76F4006C7937 /* UIButton */,
			);
			path = UIKit;
			sourceTree = "<group>";
		};
		51F4529C20BA70AD006C7937 /* NSString */ = {
			isa = PBXGroup;
			children = (
				51F452AB20BA7216006C7937 /* NSString+DisplayTime.h */,
				51F452A920BA7216006C7937 /* NSString+DisplayTime.m */,
				51F452A420BA7215006C7937 /* NSString+Distance.h */,
				51F452AA20BA7216006C7937 /* NSString+Distance.m */,
				51F452A820BA7216006C7937 /* NSString+MD5.h */,
				51F452A520BA7215006C7937 /* NSString+MD5.m */,
				51F452A620BA7215006C7937 /* NSString+MusicTime.h */,
				51F452A720BA7215006C7937 /* NSString+MusicTime.m */,
				51F4529D20BA70F6006C7937 /* NSString+Predicate.h */,
				51F4529E20BA70F6006C7937 /* NSString+Predicate.m */,
			);
			path = NSString;
			sourceTree = "<group>";
		};
		51F452B620BA76F4006C7937 /* UIButton */ = {
			isa = PBXGroup;
			children = (
				51F452BA20BA76F4006C7937 /* UIButton+enlargeClickRect.h */,
				51F452B820BA76F4006C7937 /* UIButton+enlargeClickRect.m */,
				51F452BB20BA76F4006C7937 /* UIButton+Layout.h */,
				51F452B720BA76F4006C7937 /* UIButton+Layout.m */,
			);
			path = UIButton;
			sourceTree = "<group>";
		};
		51F452C020BA7719006C7937 /* UIControl */ = {
			isa = PBXGroup;
			children = (
				51F452C120BA7719006C7937 /* UIControl+recurClick.h */,
				51F452C220BA7719006C7937 /* UIControl+recurClick.m */,
			);
			path = UIControl;
			sourceTree = "<group>";
		};
		51F452C420BA7847006C7937 /* UINavigationController */ = {
			isa = PBXGroup;
			children = (
				51F452C520BA7847006C7937 /* UINavigationController+FDFullscreenPopGesture.h */,
				51F452C620BA7847006C7937 /* UINavigationController+FDFullscreenPopGesture.m */,
			);
			path = UINavigationController;
			sourceTree = "<group>";
		};
		51F452C720BA7847006C7937 /* UIImage */ = {
			isa = PBXGroup;
			children = (
				51F452CE20BA7847006C7937 /* UIImage+Category.h */,
				51F452CB20BA7847006C7937 /* UIImage+Category.m */,
				51F452CA20BA7847006C7937 /* UIImage+HSFgif.h */,
				51F452CF20BA7847006C7937 /* UIImage+HSFgif.m */,
				51F452CC20BA7847006C7937 /* UIImage+Mask.h */,
				51F452C920BA7847006C7937 /* UIImage+Mask.m */,
				51F452C820BA7847006C7937 /* UIImage+VideoImage.h */,
				51F452CD20BA7847006C7937 /* UIImage+VideoImage.m */,
			);
			path = UIImage;
			sourceTree = "<group>";
		};
		74774503BAF0A22A45545EDA /* Frameworks */ = {
			isa = PBXGroup;
			children = (
				7F761EF0680DE49DA09BF80A /* libPods-HSFKitDemo.a */,
				8B2633E2FB633D768EDAF654 /* libPods-HSFKitDemoTests.a */,
				96B29525443929DC3445DFB5 /* libPods-HSFKitDemoUITests.a */,
			);
			name = Frameworks;
			sourceTree = "<group>";
		};
/* End PBXGroup section */

/* Begin PBXNativeTarget section */
		51F451EA20B8D561006C7937 /* HSFKitDemo */ = {
			isa = PBXNativeTarget;
			buildConfigurationList = 51F4521720B8D562006C7937 /* Build configuration list for PBXNativeTarget "HSFKitDemo" */;
			buildPhases = (
				32429B8885B2665E7967BF43 /* [CP] Check Pods Manifest.lock */,
				51F451E720B8D561006C7937 /* Sources */,
				51F451E820B8D561006C7937 /* Frameworks */,
				51F451E920B8D561006C7937 /* Resources */,
				64E9F1A733FF747369FB2E49 /* [CP] Copy Pods Resources */,
			);
			buildRules = (
			);
			dependencies = (
			);
			name = HSFKitDemo;
			productName = HSFKitDemo;
			productReference = 51F451EB20B8D561006C7937 /* HSFKitDemo.app */;
			productType = "com.apple.product-type.application";
		};
		51F4520220B8D562006C7937 /* HSFKitDemoTests */ = {
			isa = PBXNativeTarget;
			buildConfigurationList = 51F4521A20B8D562006C7937 /* Build configuration list for PBXNativeTarget "HSFKitDemoTests" */;
			buildPhases = (
				CC3E99B9C85E9DD671DEF9F3 /* [CP] Check Pods Manifest.lock */,
				51F451FF20B8D562006C7937 /* Sources */,
				51F4520020B8D562006C7937 /* Frameworks */,
				51F4520120B8D562006C7937 /* Resources */,
			);
			buildRules = (
			);
			dependencies = (
				51F4520520B8D562006C7937 /* PBXTargetDependency */,
			);
			name = HSFKitDemoTests;
			productName = HSFKitDemoTests;
			productReference = 51F4520320B8D562006C7937 /* HSFKitDemoTests.xctest */;
			productType = "com.apple.product-type.bundle.unit-test";
		};
		51F4520D20B8D562006C7937 /* HSFKitDemoUITests */ = {
			isa = PBXNativeTarget;
			buildConfigurationList = 51F4521D20B8D562006C7937 /* Build configuration list for PBXNativeTarget "HSFKitDemoUITests" */;
			buildPhases = (
				714B90B856EFCE4F9FE69B9D /* [CP] Check Pods Manifest.lock */,
				51F4520A20B8D562006C7937 /* Sources */,
				51F4520B20B8D562006C7937 /* Frameworks */,
				51F4520C20B8D562006C7937 /* Resources */,
			);
			buildRules = (
			);
			dependencies = (
				51F4521020B8D562006C7937 /* PBXTargetDependency */,
			);
			name = HSFKitDemoUITests;
			productName = HSFKitDemoUITests;
			productReference = 51F4520E20B8D562006C7937 /* HSFKitDemoUITests.xctest */;
			productType = "com.apple.product-type.bundle.ui-testing";
		};
/* End PBXNativeTarget section */

/* Begin PBXProject section */
		51F451E320B8D561006C7937 /* Project object */ = {
			isa = PBXProject;
			attributes = {
				LastUpgradeCheck = 0930;
				ORGANIZATIONNAME = "黄山锋";
				TargetAttributes = {
					51F451EA20B8D561006C7937 = {
						CreatedOnToolsVersion = 9.3.1;
					};
					51F4520220B8D562006C7937 = {
						CreatedOnToolsVersion = 9.3.1;
						TestTargetID = 51F451EA20B8D561006C7937;
					};
					51F4520D20B8D562006C7937 = {
						CreatedOnToolsVersion = 9.3.1;
						TestTargetID = 51F451EA20B8D561006C7937;
					};
				};
			};
			buildConfigurationList = 51F451E620B8D561006C7937 /* Build configuration list for PBXProject "HSFKitDemo" */;
			compatibilityVersion = "Xcode 9.3";
			developmentRegion = en;
			hasScannedForEncodings = 0;
			knownRegions = (
				en,
				Base,
			);
			mainGroup = 51F451E220B8D561006C7937;
			productRefGroup = 51F451EC20B8D561006C7937 /* Products */;
			projectDirPath = "";
			projectRoot = "";
			targets = (
				51F451EA20B8D561006C7937 /* HSFKitDemo */,
				51F4520220B8D562006C7937 /* HSFKitDemoTests */,
				51F4520D20B8D562006C7937 /* HSFKitDemoUITests */,
			);
		};
/* End PBXProject section */

/* Begin PBXResourcesBuildPhase section */
		51F451E920B8D561006C7937 /* Resources */ = {
			isa = PBXResourcesBuildPhase;
			buildActionMask = 2147483647;
			files = (
				51F451FB20B8D562006C7937 /* LaunchScreen.storyboard in Resources */,
				51F451F820B8D562006C7937 /* Assets.xcassets in Resources */,
				51F451F620B8D561006C7937 /* Main.storyboard in Resources */,
			);
			runOnlyForDeploymentPostprocessing = 0;
		};
		51F4520120B8D562006C7937 /* Resources */ = {
			isa = PBXResourcesBuildPhase;
			buildActionMask = 2147483647;
			files = (
			);
			runOnlyForDeploymentPostprocessing = 0;
		};
		51F4520C20B8D562006C7937 /* Resources */ = {
			isa = PBXResourcesBuildPhase;
			buildActionMask = 2147483647;
			files = (
			);
			runOnlyForDeploymentPostprocessing = 0;
		};
/* End PBXResourcesBuildPhase section */

/* Begin PBXShellScriptBuildPhase section */
		32429B8885B2665E7967BF43 /* [CP] Check Pods Manifest.lock */ = {
			isa = PBXShellScriptBuildPhase;
			buildActionMask = 2147483647;
			files = (
			);
			inputPaths = (
				"${PODS_PODFILE_DIR_PATH}/Podfile.lock",
				"${PODS_ROOT}/Manifest.lock",
			);
			name = "[CP] Check Pods Manifest.lock";
			outputPaths = (
				"$(DERIVED_FILE_DIR)/Pods-HSFKitDemo-checkManifestLockResult.txt",
			);
			runOnlyForDeploymentPostprocessing = 0;
			shellPath = /bin/sh;
			shellScript = "diff \"${PODS_PODFILE_DIR_PATH}/Podfile.lock\" \"${PODS_ROOT}/Manifest.lock\" > /dev/null\nif [ $? != 0 ] ; then\n    # print error to STDERR\n    echo \"error: The sandbox is not in sync with the Podfile.lock. Run 'pod install' or update your CocoaPods installation.\" >&2\n    exit 1\nfi\n# This output is used by Xcode 'outputs' to avoid re-running this script phase.\necho \"SUCCESS\" > \"${SCRIPT_OUTPUT_FILE_0}\"\n";
			showEnvVarsInLog = 0;
		};
		64E9F1A733FF747369FB2E49 /* [CP] Copy Pods Resources */ = {
			isa = PBXShellScriptBuildPhase;
			buildActionMask = 2147483647;
			files = (
			);
			inputPaths = (
				"${SRCROOT}/Pods/Target Support Files/Pods-HSFKitDemo/Pods-HSFKitDemo-resources.sh",
				"${PODS_ROOT}/SVProgressHUD/SVProgressHUD/SVProgressHUD.bundle",
			);
			name = "[CP] Copy Pods Resources";
			outputPaths = (
				"${TARGET_BUILD_DIR}/${UNLOCALIZED_RESOURCES_FOLDER_PATH}/SVProgressHUD.bundle",
			);
			runOnlyForDeploymentPostprocessing = 0;
			shellPath = /bin/sh;
			shellScript = "\"${SRCROOT}/Pods/Target Support Files/Pods-HSFKitDemo/Pods-HSFKitDemo-resources.sh\"\n";
			showEnvVarsInLog = 0;
		};
		714B90B856EFCE4F9FE69B9D /* [CP] Check Pods Manifest.lock */ = {
			isa = PBXShellScriptBuildPhase;
			buildActionMask = 2147483647;
			files = (
			);
			inputPaths = (
				"${PODS_PODFILE_DIR_PATH}/Podfile.lock",
				"${PODS_ROOT}/Manifest.lock",
			);
			name = "[CP] Check Pods Manifest.lock";
			outputPaths = (
				"$(DERIVED_FILE_DIR)/Pods-HSFKitDemoUITests-checkManifestLockResult.txt",
			);
			runOnlyForDeploymentPostprocessing = 0;
			shellPath = /bin/sh;
			shellScript = "diff \"${PODS_PODFILE_DIR_PATH}/Podfile.lock\" \"${PODS_ROOT}/Manifest.lock\" > /dev/null\nif [ $? != 0 ] ; then\n    # print error to STDERR\n    echo \"error: The sandbox is not in sync with the Podfile.lock. Run 'pod install' or update your CocoaPods installation.\" >&2\n    exit 1\nfi\n# This output is used by Xcode 'outputs' to avoid re-running this script phase.\necho \"SUCCESS\" > \"${SCRIPT_OUTPUT_FILE_0}\"\n";
			showEnvVarsInLog = 0;
		};
		CC3E99B9C85E9DD671DEF9F3 /* [CP] Check Pods Manifest.lock */ = {
			isa = PBXShellScriptBuildPhase;
			buildActionMask = 2147483647;
			files = (
			);
			inputPaths = (
				"${PODS_PODFILE_DIR_PATH}/Podfile.lock",
				"${PODS_ROOT}/Manifest.lock",
			);
			name = "[CP] Check Pods Manifest.lock";
			outputPaths = (
				"$(DERIVED_FILE_DIR)/Pods-HSFKitDemoTests-checkManifestLockResult.txt",
			);
			runOnlyForDeploymentPostprocessing = 0;
			shellPath = /bin/sh;
			shellScript = "diff \"${PODS_PODFILE_DIR_PATH}/Podfile.lock\" \"${PODS_ROOT}/Manifest.lock\" > /dev/null\nif [ $? != 0 ] ; then\n    # print error to STDERR\n    echo \"error: The sandbox is not in sync with the Podfile.lock. Run 'pod install' or update your CocoaPods installation.\" >&2\n    exit 1\nfi\n# This output is used by Xcode 'outputs' to avoid re-running this script phase.\necho \"SUCCESS\" > \"${SCRIPT_OUTPUT_FILE_0}\"\n";
			showEnvVarsInLog = 0;
		};
/* End PBXShellScriptBuildPhase section */

/* Begin PBXSourcesBuildPhase section */
		51F451E720B8D561006C7937 /* Sources */ = {
			isa = PBXSourcesBuildPhase;
			buildActionMask = 2147483647;
			files = (
				51A126EF20BB91EA0070F3F6 /* UIView+Extension.m in Sources */,
				51A126EE20BB91EA0070F3F6 /* UIView+flag.m in Sources */,
				51F4528820B8E819006C7937 /* HSFBaseCell.m in Sources */,
				51F452BE20BA76F4006C7937 /* UIButton+enlargeClickRect.m in Sources */,
				51A126EB20BB91EA0070F3F6 /* UIView+addToWindow.m in Sources */,
				51F4528920B8E819006C7937 /* HSFGestureTableView.m in Sources */,
				51F4529220B90C68006C7937 /* HSFBaseCollectionVC.m in Sources */,
				51F452D320BA7847006C7937 /* UIImage+VideoImage.m in Sources */,
				51F452D420BA7847006C7937 /* UIImage+HSFgif.m in Sources */,
				51A126F020BB91EA0070F3F6 /* UIView+Shaking.m in Sources */,
				51F4529F20BA70F6006C7937 /* NSString+Predicate.m in Sources */,
				51F452C320BA7719006C7937 /* UIControl+recurClick.m in Sources */,
				51A126EC20BB91EA0070F3F6 /* UIView+Corner.m in Sources */,
				51F4528720B8E819006C7937 /* HSFBaseTableVC.m in Sources */,
				51F452AD20BA7216006C7937 /* NSString+MusicTime.m in Sources */,
				51A126F120BB91EA0070F3F6 /* UIView+screenshot.m in Sources */,
				51A126ED20BB91EA0070F3F6 /* UIView+DCAnimationKit.m in Sources */,
				51F452AC20BA7216006C7937 /* NSString+MD5.m in Sources */,
				51F451F320B8D561006C7937 /* ViewController.m in Sources */,
				51F452D120BA7847006C7937 /* UIImage+Mask.m in Sources */,
				51F452AE20BA7216006C7937 /* NSString+DisplayTime.m in Sources */,
				51F452D020BA7847006C7937 /* UINavigationController+FDFullscreenPopGesture.m in Sources */,
				51F4528D20B8E819006C7937 /* HSFBaseNavC.m in Sources */,
				51F4529520B90CC7006C7937 /* HSFGestureCollectionView.m in Sources */,
				51F451FE20B8D562006C7937 /* main.m in Sources */,
				51F452BD20BA76F4006C7937 /* UIButton+Layout.m in Sources */,
				51F452AF20BA7216006C7937 /* NSString+Distance.m in Sources */,
				51F451F020B8D561006C7937 /* AppDelegate.m in Sources */,
				51F4528A20B8E819006C7937 /* HSFBaseVC.m in Sources */,
				51F4529820B90E7B006C7937 /* HSFBaseItem.m in Sources */,
				51F452D220BA7847006C7937 /* UIImage+Category.m in Sources */,
			);
			runOnlyForDeploymentPostprocessing = 0;
		};
		51F451FF20B8D562006C7937 /* Sources */ = {
			isa = PBXSourcesBuildPhase;
			buildActionMask = 2147483647;
			files = (
				51F4520820B8D562006C7937 /* HSFKitDemoTests.m in Sources */,
			);
			runOnlyForDeploymentPostprocessing = 0;
		};
		51F4520A20B8D562006C7937 /* Sources */ = {
			isa = PBXSourcesBuildPhase;
			buildActionMask = 2147483647;
			files = (
				51F4521320B8D562006C7937 /* HSFKitDemoUITests.m in Sources */,
			);
			runOnlyForDeploymentPostprocessing = 0;
		};
/* End PBXSourcesBuildPhase section */

/* Begin PBXTargetDependency section */
		51F4520520B8D562006C7937 /* PBXTargetDependency */ = {
			isa = PBXTargetDependency;
			target = 51F451EA20B8D561006C7937 /* HSFKitDemo */;
			targetProxy = 51F4520420B8D562006C7937 /* PBXContainerItemProxy */;
		};
		51F4521020B8D562006C7937 /* PBXTargetDependency */ = {
			isa = PBXTargetDependency;
			target = 51F451EA20B8D561006C7937 /* HSFKitDemo */;
			targetProxy = 51F4520F20B8D562006C7937 /* PBXContainerItemProxy */;
		};
/* End PBXTargetDependency section */

/* Begin PBXVariantGroup section */
		51F451F420B8D561006C7937 /* Main.storyboard */ = {
			isa = PBXVariantGroup;
			children = (
				51F451F520B8D561006C7937 /* Base */,
			);
			name = Main.storyboard;
			sourceTree = "<group>";
		};
		51F451F920B8D562006C7937 /* LaunchScreen.storyboard */ = {
			isa = PBXVariantGroup;
			children = (
				51F451FA20B8D562006C7937 /* Base */,
			);
			name = LaunchScreen.storyboard;
			sourceTree = "<group>";
		};
/* End PBXVariantGroup section */

/* Begin XCBuildConfiguration section */
		51F4521520B8D562006C7937 /* Debug */ = {
			isa = XCBuildConfiguration;
			buildSettings = {
				ALWAYS_SEARCH_USER_PATHS = NO;
				CLANG_ANALYZER_NONNULL = YES;
				CLANG_ANALYZER_NUMBER_OBJECT_CONVERSION = YES_AGGRESSIVE;
				CLANG_CXX_LANGUAGE_STANDARD = "gnu++14";
				CLANG_CXX_LIBRARY = "libc++";
				CLANG_ENABLE_MODULES = YES;
				CLANG_ENABLE_OBJC_ARC = YES;
				CLANG_ENABLE_OBJC_WEAK = YES;
				CLANG_WARN_BLOCK_CAPTURE_AUTORELEASING = YES;
				CLANG_WARN_BOOL_CONVERSION = YES;
				CLANG_WARN_COMMA = YES;
				CLANG_WARN_CONSTANT_CONVERSION = YES;
				CLANG_WARN_DEPRECATED_OBJC_IMPLEMENTATIONS = YES;
				CLANG_WARN_DIRECT_OBJC_ISA_USAGE = YES_ERROR;
				CLANG_WARN_DOCUMENTATION_COMMENTS = YES;
				CLANG_WARN_EMPTY_BODY = YES;
				CLANG_WARN_ENUM_CONVERSION = YES;
				CLANG_WARN_INFINITE_RECURSION = YES;
				CLANG_WARN_INT_CONVERSION = YES;
				CLANG_WARN_NON_LITERAL_NULL_CONVERSION = YES;
				CLANG_WARN_OBJC_IMPLICIT_RETAIN_SELF = YES;
				CLANG_WARN_OBJC_LITERAL_CONVERSION = YES;
				CLANG_WARN_OBJC_ROOT_CLASS = YES_ERROR;
				CLANG_WARN_RANGE_LOOP_ANALYSIS = YES;
				CLANG_WARN_STRICT_PROTOTYPES = YES;
				CLANG_WARN_SUSPICIOUS_MOVE = YES;
				CLANG_WARN_UNGUARDED_AVAILABILITY = YES_AGGRESSIVE;
				CLANG_WARN_UNREACHABLE_CODE = YES;
				CLANG_WARN__DUPLICATE_METHOD_MATCH = YES;
				CODE_SIGN_IDENTITY = "iPhone Developer";
				COPY_PHASE_STRIP = NO;
				DEBUG_INFORMATION_FORMAT = dwarf;
				ENABLE_STRICT_OBJC_MSGSEND = YES;
				ENABLE_TESTABILITY = YES;
				GCC_C_LANGUAGE_STANDARD = gnu11;
				GCC_DYNAMIC_NO_PIC = NO;
				GCC_NO_COMMON_BLOCKS = YES;
				GCC_OPTIMIZATION_LEVEL = 0;
				GCC_PREPROCESSOR_DEFINITIONS = (
					"DEBUG=1",
					"$(inherited)",
				);
				GCC_WARN_64_TO_32_BIT_CONVERSION = YES;
				GCC_WARN_ABOUT_RETURN_TYPE = YES_ERROR;
				GCC_WARN_UNDECLARED_SELECTOR = YES;
				GCC_WARN_UNINITIALIZED_AUTOS = YES_AGGRESSIVE;
				GCC_WARN_UNUSED_FUNCTION = YES;
				GCC_WARN_UNUSED_VARIABLE = YES;
				IPHONEOS_DEPLOYMENT_TARGET = 11.3;
				MTL_ENABLE_DEBUG_INFO = YES;
				ONLY_ACTIVE_ARCH = YES;
				SDKROOT = iphoneos;
			};
			name = Debug;
		};
		51F4521620B8D562006C7937 /* Release */ = {
			isa = XCBuildConfiguration;
			buildSettings = {
				ALWAYS_SEARCH_USER_PATHS = NO;
				CLANG_ANALYZER_NONNULL = YES;
				CLANG_ANALYZER_NUMBER_OBJECT_CONVERSION = YES_AGGRESSIVE;
				CLANG_CXX_LANGUAGE_STANDARD = "gnu++14";
				CLANG_CXX_LIBRARY = "libc++";
				CLANG_ENABLE_MODULES = YES;
				CLANG_ENABLE_OBJC_ARC = YES;
				CLANG_ENABLE_OBJC_WEAK = YES;
				CLANG_WARN_BLOCK_CAPTURE_AUTORELEASING = YES;
				CLANG_WARN_BOOL_CONVERSION = YES;
				CLANG_WARN_COMMA = YES;
				CLANG_WARN_CONSTANT_CONVERSION = YES;
				CLANG_WARN_DEPRECATED_OBJC_IMPLEMENTATIONS = YES;
				CLANG_WARN_DIRECT_OBJC_ISA_USAGE = YES_ERROR;
				CLANG_WARN_DOCUMENTATION_COMMENTS = YES;
				CLANG_WARN_EMPTY_BODY = YES;
				CLANG_WARN_ENUM_CONVERSION = YES;
				CLANG_WARN_INFINITE_RECURSION = YES;
				CLANG_WARN_INT_CONVERSION = YES;
				CLANG_WARN_NON_LITERAL_NULL_CONVERSION = YES;
				CLANG_WARN_OBJC_IMPLICIT_RETAIN_SELF = YES;
				CLANG_WARN_OBJC_LITERAL_CONVERSION = YES;
				CLANG_WARN_OBJC_ROOT_CLASS = YES_ERROR;
				CLANG_WARN_RANGE_LOOP_ANALYSIS = YES;
				CLANG_WARN_STRICT_PROTOTYPES = YES;
				CLANG_WARN_SUSPICIOUS_MOVE = YES;
				CLANG_WARN_UNGUARDED_AVAILABILITY = YES_AGGRESSIVE;
				CLANG_WARN_UNREACHABLE_CODE = YES;
				CLANG_WARN__DUPLICATE_METHOD_MATCH = YES;
				CODE_SIGN_IDENTITY = "iPhone Developer";
				COPY_PHASE_STRIP = NO;
				DEBUG_INFORMATION_FORMAT = "dwarf-with-dsym";
				ENABLE_NS_ASSERTIONS = NO;
				ENABLE_STRICT_OBJC_MSGSEND = YES;
				GCC_C_LANGUAGE_STANDARD = gnu11;
				GCC_NO_COMMON_BLOCKS = YES;
				GCC_WARN_64_TO_32_BIT_CONVERSION = YES;
				GCC_WARN_ABOUT_RETURN_TYPE = YES_ERROR;
				GCC_WARN_UNDECLARED_SELECTOR = YES;
				GCC_WARN_UNINITIALIZED_AUTOS = YES_AGGRESSIVE;
				GCC_WARN_UNUSED_FUNCTION = YES;
				GCC_WARN_UNUSED_VARIABLE = YES;
				IPHONEOS_DEPLOYMENT_TARGET = 11.3;
				MTL_ENABLE_DEBUG_INFO = NO;
				SDKROOT = iphoneos;
				VALIDATE_PRODUCT = YES;
			};
			name = Release;
		};
		51F4521820B8D562006C7937 /* Debug */ = {
			isa = XCBuildConfiguration;
			baseConfigurationReference = 93DAF3CFE0DEA80C055394A6 /* Pods-HSFKitDemo.debug.xcconfig */;
			buildSettings = {
				ASSETCATALOG_COMPILER_APPICON_NAME = AppIcon;
				CODE_SIGN_STYLE = Automatic;
				DEVELOPMENT_TEAM = 2Z99AY6JF7;
				GCC_PRECOMPILE_PREFIX_HEADER = YES;
				GCC_PREFIX_HEADER = "$(SRCROOT)/HSFKitDemo/HSFKitPCH.pch";
				INFOPLIST_FILE = HSFKitDemo/Info.plist;
				LD_RUNPATH_SEARCH_PATHS = (
					"$(inherited)",
					"@executable_path/Frameworks",
				);
				PRODUCT_BUNDLE_IDENTIFIER = HSFClub.HSFKitDemo;
				PRODUCT_NAME = "$(TARGET_NAME)";
				TARGETED_DEVICE_FAMILY = "1,2";
			};
			name = Debug;
		};
		51F4521920B8D562006C7937 /* Release */ = {
			isa = XCBuildConfiguration;
			baseConfigurationReference = 3B65A0BEF5DC631A5CA28A2B /* Pods-HSFKitDemo.release.xcconfig */;
			buildSettings = {
				ASSETCATALOG_COMPILER_APPICON_NAME = AppIcon;
				CODE_SIGN_STYLE = Automatic;
				DEVELOPMENT_TEAM = 2Z99AY6JF7;
				GCC_PRECOMPILE_PREFIX_HEADER = YES;
				GCC_PREFIX_HEADER = "$(SRCROOT)/HSFKitDemo/HSFKitPCH.pch";
				INFOPLIST_FILE = HSFKitDemo/Info.plist;
				LD_RUNPATH_SEARCH_PATHS = (
					"$(inherited)",
					"@executable_path/Frameworks",
				);
				PRODUCT_BUNDLE_IDENTIFIER = HSFClub.HSFKitDemo;
				PRODUCT_NAME = "$(TARGET_NAME)";
				TARGETED_DEVICE_FAMILY = "1,2";
			};
			name = Release;
		};
		51F4521B20B8D562006C7937 /* Debug */ = {
			isa = XCBuildConfiguration;
			baseConfigurationReference = 08B11D0C455CD0706B82B38F /* Pods-HSFKitDemoTests.debug.xcconfig */;
			buildSettings = {
				BUNDLE_LOADER = "$(TEST_HOST)";
				CODE_SIGN_STYLE = Automatic;
				INFOPLIST_FILE = HSFKitDemoTests/Info.plist;
				LD_RUNPATH_SEARCH_PATHS = (
					"$(inherited)",
					"@executable_path/Frameworks",
					"@loader_path/Frameworks",
				);
				PRODUCT_BUNDLE_IDENTIFIER = HSFClub.HSFKitDemoTests;
				PRODUCT_NAME = "$(TARGET_NAME)";
				TARGETED_DEVICE_FAMILY = "1,2";
				TEST_HOST = "$(BUILT_PRODUCTS_DIR)/HSFKitDemo.app/HSFKitDemo";
			};
			name = Debug;
		};
		51F4521C20B8D562006C7937 /* Release */ = {
			isa = XCBuildConfiguration;
			baseConfigurationReference = B94076852E613C437031EEFA /* Pods-HSFKitDemoTests.release.xcconfig */;
			buildSettings = {
				BUNDLE_LOADER = "$(TEST_HOST)";
				CODE_SIGN_STYLE = Automatic;
				INFOPLIST_FILE = HSFKitDemoTests/Info.plist;
				LD_RUNPATH_SEARCH_PATHS = (
					"$(inherited)",
					"@executable_path/Frameworks",
					"@loader_path/Frameworks",
				);
				PRODUCT_BUNDLE_IDENTIFIER = HSFClub.HSFKitDemoTests;
				PRODUCT_NAME = "$(TARGET_NAME)";
				TARGETED_DEVICE_FAMILY = "1,2";
				TEST_HOST = "$(BUILT_PRODUCTS_DIR)/HSFKitDemo.app/HSFKitDemo";
			};
			name = Release;
		};
		51F4521E20B8D562006C7937 /* Debug */ = {
			isa = XCBuildConfiguration;
			baseConfigurationReference = 3ADDC6A927911CE842E8BAF3 /* Pods-HSFKitDemoUITests.debug.xcconfig */;
			buildSettings = {
				CODE_SIGN_STYLE = Automatic;
				INFOPLIST_FILE = HSFKitDemoUITests/Info.plist;
				LD_RUNPATH_SEARCH_PATHS = (
					"$(inherited)",
					"@executable_path/Frameworks",
					"@loader_path/Frameworks",
				);
				PRODUCT_BUNDLE_IDENTIFIER = HSFClub.HSFKitDemoUITests;
				PRODUCT_NAME = "$(TARGET_NAME)";
				TARGETED_DEVICE_FAMILY = "1,2";
				TEST_TARGET_NAME = HSFKitDemo;
			};
			name = Debug;
		};
		51F4521F20B8D562006C7937 /* Release */ = {
			isa = XCBuildConfiguration;
			baseConfigurationReference = C7A17233320E0A8E7CB9EA42 /* Pods-HSFKitDemoUITests.release.xcconfig */;
			buildSettings = {
				CODE_SIGN_STYLE = Automatic;
				INFOPLIST_FILE = HSFKitDemoUITests/Info.plist;
				LD_RUNPATH_SEARCH_PATHS = (
					"$(inherited)",
					"@executable_path/Frameworks",
					"@loader_path/Frameworks",
				);
				PRODUCT_BUNDLE_IDENTIFIER = HSFClub.HSFKitDemoUITests;
				PRODUCT_NAME = "$(TARGET_NAME)";
				TARGETED_DEVICE_FAMILY = "1,2";
				TEST_TARGET_NAME = HSFKitDemo;
			};
			name = Release;
		};
/* End XCBuildConfiguration section */

/* Begin XCConfigurationList section */
		51F451E620B8D561006C7937 /* Build configuration list for PBXProject "HSFKitDemo" */ = {
			isa = XCConfigurationList;
			buildConfigurations = (
				51F4521520B8D562006C7937 /* Debug */,
				51F4521620B8D562006C7937 /* Release */,
			);
			defaultConfigurationIsVisible = 0;
			defaultConfigurationName = Release;
		};
		51F4521720B8D562006C7937 /* Build configuration list for PBXNativeTarget "HSFKitDemo" */ = {
			isa = XCConfigurationList;
			buildConfigurations = (
				51F4521820B8D562006C7937 /* Debug */,
				51F4521920B8D562006C7937 /* Release */,
			);
			defaultConfigurationIsVisible = 0;
			defaultConfigurationName = Release;
		};
		51F4521A20B8D562006C7937 /* Build configuration list for PBXNativeTarget "HSFKitDemoTests" */ = {
			isa = XCConfigurationList;
			buildConfigurations = (
				51F4521B20B8D562006C7937 /* Debug */,
				51F4521C20B8D562006C7937 /* Release */,
			);
			defaultConfigurationIsVisible = 0;
			defaultConfigurationName = Release;
		};
		51F4521D20B8D562006C7937 /* Build configuration list for PBXNativeTarget "HSFKitDemoUITests" */ = {
			isa = XCConfigurationList;
			buildConfigurations = (
				51F4521E20B8D562006C7937 /* Debug */,
				51F4521F20B8D562006C7937 /* Release */,
			);
			defaultConfigurationIsVisible = 0;
			defaultConfigurationName = Release;
		};
/* End XCConfigurationList section */
	};
	rootObject = 51F451E320B8D561006C7937 /* Project object */;
}
